
Microsoft Visual Studio Solution File, Format Version 12.00
# Visual Studio Version 17
VisualStudioVersion = 17.0.31903.59
MinimumVisualStudioVersion = 10.0.40219.1
Project("{FAE04EC0-301F-11D3-BF4B-00C04F79EFBC}") = "Rhythia.Engine", "Rhythia.Engine\Rhythia.Engine.csproj", "{1BACCE99-4416-4D3C-A0D7-0F03FE116B30}"
EndProject
Project("{FAE04EC0-301F-11D3-BF4B-00C04F79EFBC}") = "Rhythia.Content", "Rhythia.Content\Rhythia.Content.csproj", "{1B26C350-FC6E-4B5F-9BF9-683EDB215AC5}"
EndProject
Project("{FAE04EC0-301F-11D3-BF4B-00C04F79EFBC}") = "Rhythia.Game", "Rhythia.Game\Rhythia.Game.csproj", "{0D1CD42C-CE95-4969-AE66-DF5E545E92CC}"
EndProject
Global
	GlobalSection(SolutionConfigurationPlatforms) = preSolution
		Debug|Any CPU = Debug|Any CPU
		Release|Any CPU = Release|Any CPU
	EndGlobalSection
	GlobalSection(SolutionProperties) = preSolution
		HideSolutionNode = FALSE
	EndGlobalSection
	GlobalSection(ProjectConfigurationPlatforms) = postSolution
		{1BACCE99-4416-4D3C-A0D7-0F03FE116B30}.Debug|Any CPU.ActiveCfg = Debug|Any CPU
		{1BACCE99-4416-4D3C-A0D7-0F03FE116B30}.Debug|Any CPU.Build.0 = Debug|Any CPU
		{1BACCE99-4416-4D3C-A0D7-0F03FE116B30}.Release|Any CPU.ActiveCfg = Release|Any CPU
		{1BACCE99-4416-4D3C-A0D7-0F03FE116B30}.Release|Any CPU.Build.0 = Release|Any CPU
		{1B26C350-FC6E-4B5F-9BF9-683EDB215AC5}.Debug|Any CPU.ActiveCfg = Debug|Any CPU
		{1B26C350-FC6E-4B5F-9BF9-683EDB215AC5}.Debug|Any CPU.Build.0 = Debug|Any CPU
		{1B26C350-FC6E-4B5F-9BF9-683EDB215AC5}.Release|Any CPU.ActiveCfg = Release|Any CPU
		{1B26C350-FC6E-4B5F-9BF9-683EDB215AC5}.Release|Any CPU.Build.0 = Release|Any CPU
		{0D1CD42C-CE95-4969-AE66-DF5E545E92CC}.Debug|Any CPU.ActiveCfg = Debug|Any CPU
		{0D1CD42C-CE95-4969-AE66-DF5E545E92CC}.Debug|Any CPU.Build.0 = Debug|Any CPU
		{0D1CD42C-CE95-4969-AE66-DF5E545E92CC}.Release|Any CPU.ActiveCfg = Release|Any CPU
		{0D1CD42C-CE95-4969-AE66-DF5E545E92CC}.Release|Any CPU.Build.0 = Release|Any CPU
	EndGlobalSection
EndGlobal
